
Microsoft Visual Studio Solution File, Format Version 10.00
# Visual Studio 2008
Project("{2150E333-8FDC-42A3-9474-1A3956D46DE8}") = "CAL", "CAL", "{9EBE86EE-78B8-48BE-8FB2-93DCA9585DAF}"
EndProject
Project("{FAE04EC0-301F-11D3-BF4B-00C04F79EFBC}") = "Composite.Desktop", "..\CAL\Desktop\Composite\Composite.Desktop.csproj", "{77138947-1D13-4E22-AEE0-5D0DD046CA34}"
EndProject
Project("{FAE04EC0-301F-11D3-BF4B-00C04F79EFBC}") = "Composite.Presentation.Desktop", "..\CAL\Desktop\Composite.Presentation\Composite.Presentation.Desktop.csproj", "{F807062D-6FC9-4FF0-A9F5-5F94653EDC4D}"
EndProject
Project("{FAE04EC0-301F-11D3-BF4B-00C04F79EFBC}") = "Composite.UnityExtensions.Desktop", "..\CAL\Desktop\Composite.UnityExtensions\Composite.UnityExtensions.Desktop.csproj", "{17831F3B-6B82-4916-BD2B-2CE2071EA622}"
EndProject
Project("{2150E333-8FDC-42A3-9474-1A3956D46DE8}") = "Modules", "Modules", "{04421911-D853-4847-84EA-8F8641AB4F25}"
EndProject
Project("{FAE04EC0-301F-11D3-BF4B-00C04F79EFBC}") = "TopCalendar.UI", "TopCalendar.UI\TopCalendar.UI.csproj", "{B3A8B8D7-A744-41B3-B1F7-B18BE2EEDCD2}"
EndProject
Project("{FAE04EC0-301F-11D3-BF4B-00C04F79EFBC}") = "NinjectContrib.CompositePresentation", "NinjectContrib.CompositePresentation\NinjectContrib.CompositePresentation.csproj", "{B0AC560C-26B0-4D87-9CFA-2A1308149863}"
EndProject
Project("{2150E333-8FDC-42A3-9474-1A3956D46DE8}") = "Tests", "Tests", "{3AE1B67E-6742-45CD-9D05-E010DF674B33}"
EndProject
Project("{FAE04EC0-301F-11D3-BF4B-00C04F79EFBC}") = "TopCalendar.Utility", "TopCalendar.Utility\TopCalendar.Utility.csproj", "{31DDCAB6-45F0-424A-A526-BDB73D45C226}"
EndProject
Project("{FAE04EC0-301F-11D3-BF4B-00C04F79EFBC}") = "TopCalendar.UI.Modules.MonthViewer", "TopCalendar.UI.Modules.MonthViewer\TopCalendar.UI.Modules.MonthViewer.csproj", "{A016861B-AE17-413F-B93F-5345401EEF7B}"
EndProject
Project("{FAE04EC0-301F-11D3-BF4B-00C04F79EFBC}") = "TopCalendar.UI.Infrastructure", "TopCalendar.UI.Infrastructure\TopCalendar.UI.Infrastructure.csproj", "{E6755CE2-F09A-4A91-AE11-C61C1EEE0932}"
EndProject
Project("{FAE04EC0-301F-11D3-BF4B-00C04F79EFBC}") = "TopCalendar.AutoMockingKernel", "Tests\TopCalendar.AutoMockingKernel\TopCalendar.AutoMockingKernel.csproj", "{DFF495FB-981D-4AD3-87CA-9D48A3AD2AAB}"
EndProject
Project("{FAE04EC0-301F-11D3-BF4B-00C04F79EFBC}") = "TopCalendar.UI.Tests", "Tests\TopCalendar.UI.Tests\TopCalendar.UI.Tests.csproj", "{C9BB626F-5733-4677-80CB-EF961073E3A5}"
EndProject
Project("{FAE04EC0-301F-11D3-BF4B-00C04F79EFBC}") = "TopCalendar.Utility.Tests", "Tests\TopCalendar.Utility.Tests\TopCalendar.Utility.Tests.csproj", "{2DD936B1-4635-4A59-BFA4-385A76BDE801}"
EndProject
Project("{FAE04EC0-301F-11D3-BF4B-00C04F79EFBC}") = "TopCalendar.Client.Connector", "TopCalendar.Client.Connector\TopCalendar.Client.Connector.csproj", "{15968E5F-9795-4391-BD4E-3D51247BCFCF}"
EndProject
Project("{FAE04EC0-301F-11D3-BF4B-00C04F79EFBC}") = "TopCalendar.UI.Modules.Registration", "TopCalendar.UI.Modules.Registration\TopCalendar.UI.Modules.Registration.csproj", "{23E3796B-3A26-4142-B0E1-5D01793EC4AE}"
EndProject
Project("{FAE04EC0-301F-11D3-BF4B-00C04F79EFBC}") = "TopCalendar.UI.MenuInfrastructure", "TopCalendar.UI.MenuInfrastructure\TopCalendar.UI.MenuInfrastructure.csproj", "{8F89764F-5880-4735-B15D-A1AD962105C0}"
EndProject
Project("{FAE04EC0-301F-11D3-BF4B-00C04F79EFBC}") = "TopCalendar.UI.MenuInfrastructure.Tests", "Tests\TopCalendar.UI.MenuInfrastructure.Tests\TopCalendar.UI.MenuInfrastructure.Tests.csproj", "{C6C94832-9A9F-421E-996A-679A32119187}"
EndProject
Project("{FAE04EC0-301F-11D3-BF4B-00C04F79EFBC}") = "TopCalendar.Server.Bootstrap", "TopCalendar.Server.Bootstrap\TopCalendar.Server.Bootstrap.csproj", "{46EE4EDF-AB17-408C-ABE9-10E45ECAC614}"
EndProject
Project("{FAE04EC0-301F-11D3-BF4B-00C04F79EFBC}") = "TopCalendar.Server.ServiceLibrary", "TopCalendar.Server.ServiceLibrary\TopCalendar.Server.ServiceLibrary.csproj", "{F9DC70A0-6A86-4910-80B5-E5E1283E99BF}"
EndProject
Project("{FAE04EC0-301F-11D3-BF4B-00C04F79EFBC}") = "TopCalendar.Server.DataLayer", "TopCalendar.Server.DataLayer\TopCalendar.Server.DataLayer.csproj", "{D50862E2-68AF-4F70-A641-72D55294D780}"
EndProject
Project("{FAE04EC0-301F-11D3-BF4B-00C04F79EFBC}") = "TopCalendar.UI.PluginManager", "TopCalendar.UI.PluginManager\TopCalendar.UI.PluginManager.csproj", "{461E3737-E30B-4C6F-87C3-9FE12969795A}"
EndProject
Project("{FAE04EC0-301F-11D3-BF4B-00C04F79EFBC}") = "TopCalendar.UI.PluginManager.Tests", "Tests\TopCalendar.UI.PluginManager.Tests\TopCalendar.UI.PluginManager.Tests.csproj", "{2346F023-C341-4D0A-975C-E93BD7260141}"
EndProject
Project("{FAE04EC0-301F-11D3-BF4B-00C04F79EFBC}") = "TopCalendar.Server.DataLayer.Tests", "Tests\TopCalendar.Server.DataLayer.Tests\TopCalendar.Server.DataLayer.Tests.csproj", "{7175BF70-0E9E-47A1-9F61-324CAF068209}"
EndProject
Project("{FAE04EC0-301F-11D3-BF4B-00C04F79EFBC}") = "TopCalendar.Server.ServiceLibrary.Tests", "Tests\TopCalendar.Server.ServiceLibrary.Tests\TopCalendar.Server.ServiceLibrary.Tests.csproj", "{3E50C1CE-1BBA-4880-BD9C-80FCCD0DBAC9}"
EndProject
Project("{FAE04EC0-301F-11D3-BF4B-00C04F79EFBC}") = "TopCalendar.UI.Modules.MonthViewer.Tests", "Tests\TopCalendar.UI.Modules.MonthViewer.Tests\TopCalendar.UI.Modules.MonthViewer.Tests.csproj", "{6FC919AE-317E-40C8-9DBF-B947394156FE}"
EndProject
Project("{FAE04EC0-301F-11D3-BF4B-00C04F79EFBC}") = "TopCalendar.UI.Modules.Registration.Tests", "Tests\TopCalendar.UI.Modules.Registration.Tests\TopCalendar.UI.Modules.Registration.Tests.csproj", "{DB45EEF8-632C-4179-B5E7-E42EB829C6C9}"
EndProject
Project("{FAE04EC0-301F-11D3-BF4B-00C04F79EFBC}") = "TopCalendar.UI.Modules.TaskViewer", "TopCalendar.UI.Modules.TaskViewer\TopCalendar.UI.Modules.TaskViewer.csproj", "{064DFFC5-BDDA-49CD-8B53-C362676376ED}"
EndProject
Project("{FAE04EC0-301F-11D3-BF4B-00C04F79EFBC}") = "TopCalendar.Client.DataModel", "TopCalendar.Client.DataModel\TopCalendar.Client.DataModel.csproj", "{9E852629-FE80-4E03-AC7D-C3DFAF9E2559}"
EndProject
Project("{FAE04EC0-301F-11D3-BF4B-00C04F79EFBC}") = "TopCalendar.UI.Modules.TaskViewer.Tests", "Tests\TopCalendar.UI.Modules.TaskViewer.Tests\TopCalendar.UI.Modules.TaskViewer.Tests.csproj", "{41E0A974-E7D9-43BB-B7FA-3E294369DC65}"
EndProject
Project("{FAE04EC0-301F-11D3-BF4B-00C04F79EFBC}") = "TopCalendar.UI.Modules.Plugins", "TopCalendar.UI.Modules.Plugins\TopCalendar.UI.Modules.Plugins.csproj", "{7B1B3F45-6CD5-4D26-A0CD-3E4CE3FFAF23}"
EndProject
Project("{FAE04EC0-301F-11D3-BF4B-00C04F79EFBC}") = "TopCalendar.UI.Modules.Plugins.Tests", "Tests\TopCalendar.UI.Modules.Plugins.Tests\TopCalendar.UI.Modules.Plugins.Tests.csproj", "{4373158D-D56F-4A43-96CC-6295A64410CC}"
EndProject
Project("{FAE04EC0-301F-11D3-BF4B-00C04F79EFBC}") = "TopCalendar.UI.Infrastructure.Tests", "TopCalendar.UI.Infrastructure.Tests\TopCalendar.UI.Infrastructure.Tests.csproj", "{74E0C89D-1F5F-42A9-9A92-30AAA1FF4241}"
EndProject
Project("{FAE04EC0-301F-11D3-BF4B-00C04F79EFBC}") = "TopCalendar.UI.Modules.WeekViewer", "TopCalendar.UI.Modules.WeekViewer\TopCalendar.UI.Modules.WeekViewer.csproj", "{66EC5950-2C2C-4606-BD3A-C59770A8D063}"
EndProject
Project("{FAE04EC0-301F-11D3-BF4B-00C04F79EFBC}") = "TopCalendar.UI.Modules.WeekViewer.Tests", "TopCalendar.UI.Modules.WeekViewer.Tests\TopCalendar.UI.Modules.WeekViewer.Tests.csproj", "{C876631F-E897-4AD8-9387-BDF26083127B}"
EndProject
Global
	GlobalSection(SolutionConfigurationPlatforms) = preSolution
		Debug|Any CPU = Debug|Any CPU
		Release|Any CPU = Release|Any CPU
	EndGlobalSection
	GlobalSection(ProjectConfigurationPlatforms) = postSolution
		{77138947-1D13-4E22-AEE0-5D0DD046CA34}.Debug|Any CPU.ActiveCfg = Debug|Any CPU
		{77138947-1D13-4E22-AEE0-5D0DD046CA34}.Debug|Any CPU.Build.0 = Debug|Any CPU
		{77138947-1D13-4E22-AEE0-5D0DD046CA34}.Release|Any CPU.ActiveCfg = Release|Any CPU
		{77138947-1D13-4E22-AEE0-5D0DD046CA34}.Release|Any CPU.Build.0 = Release|Any CPU
		{F807062D-6FC9-4FF0-A9F5-5F94653EDC4D}.Debug|Any CPU.ActiveCfg = Debug|Any CPU
		{F807062D-6FC9-4FF0-A9F5-5F94653EDC4D}.Debug|Any CPU.Build.0 = Debug|Any CPU
		{F807062D-6FC9-4FF0-A9F5-5F94653EDC4D}.Release|Any CPU.ActiveCfg = Release|Any CPU
		{F807062D-6FC9-4FF0-A9F5-5F94653EDC4D}.Release|Any CPU.Build.0 = Release|Any CPU
		{17831F3B-6B82-4916-BD2B-2CE2071EA622}.Debug|Any CPU.ActiveCfg = Debug|Any CPU
		{17831F3B-6B82-4916-BD2B-2CE2071EA622}.Debug|Any CPU.Build.0 = Debug|Any CPU
		{17831F3B-6B82-4916-BD2B-2CE2071EA622}.Release|Any CPU.ActiveCfg = Release|Any CPU
		{17831F3B-6B82-4916-BD2B-2CE2071EA622}.Release|Any CPU.Build.0 = Release|Any CPU
		{B3A8B8D7-A744-41B3-B1F7-B18BE2EEDCD2}.Debug|Any CPU.ActiveCfg = Debug|Any CPU
		{B3A8B8D7-A744-41B3-B1F7-B18BE2EEDCD2}.Debug|Any CPU.Build.0 = Debug|Any CPU
		{B3A8B8D7-A744-41B3-B1F7-B18BE2EEDCD2}.Release|Any CPU.ActiveCfg = Release|Any CPU
		{B3A8B8D7-A744-41B3-B1F7-B18BE2EEDCD2}.Release|Any CPU.Build.0 = Release|Any CPU
		{B0AC560C-26B0-4D87-9CFA-2A1308149863}.Debug|Any CPU.ActiveCfg = Debug|Any CPU
		{B0AC560C-26B0-4D87-9CFA-2A1308149863}.Debug|Any CPU.Build.0 = Debug|Any CPU
		{B0AC560C-26B0-4D87-9CFA-2A1308149863}.Release|Any CPU.ActiveCfg = Release|Any CPU
		{B0AC560C-26B0-4D87-9CFA-2A1308149863}.Release|Any CPU.Build.0 = Release|Any CPU
		{31DDCAB6-45F0-424A-A526-BDB73D45C226}.Debug|Any CPU.ActiveCfg = Debug|Any CPU
		{31DDCAB6-45F0-424A-A526-BDB73D45C226}.Debug|Any CPU.Build.0 = Debug|Any CPU
		{31DDCAB6-45F0-424A-A526-BDB73D45C226}.Release|Any CPU.ActiveCfg = Release|Any CPU
		{31DDCAB6-45F0-424A-A526-BDB73D45C226}.Release|Any CPU.Build.0 = Release|Any CPU
		{A016861B-AE17-413F-B93F-5345401EEF7B}.Debug|Any CPU.ActiveCfg = Debug|Any CPU
		{A016861B-AE17-413F-B93F-5345401EEF7B}.Debug|Any CPU.Build.0 = Debug|Any CPU
		{A016861B-AE17-413F-B93F-5345401EEF7B}.Release|Any CPU.ActiveCfg = Release|Any CPU
		{A016861B-AE17-413F-B93F-5345401EEF7B}.Release|Any CPU.Build.0 = Release|Any CPU
		{E6755CE2-F09A-4A91-AE11-C61C1EEE0932}.Debug|Any CPU.ActiveCfg = Debug|Any CPU
		{E6755CE2-F09A-4A91-AE11-C61C1EEE0932}.Debug|Any CPU.Build.0 = Debug|Any CPU
		{E6755CE2-F09A-4A91-AE11-C61C1EEE0932}.Release|Any CPU.ActiveCfg = Release|Any CPU
		{E6755CE2-F09A-4A91-AE11-C61C1EEE0932}.Release|Any CPU.Build.0 = Release|Any CPU
		{DFF495FB-981D-4AD3-87CA-9D48A3AD2AAB}.Debug|Any CPU.ActiveCfg = Debug|Any CPU
		{DFF495FB-981D-4AD3-87CA-9D48A3AD2AAB}.Debug|Any CPU.Build.0 = Debug|Any CPU
		{DFF495FB-981D-4AD3-87CA-9D48A3AD2AAB}.Release|Any CPU.ActiveCfg = Release|Any CPU
		{DFF495FB-981D-4AD3-87CA-9D48A3AD2AAB}.Release|Any CPU.Build.0 = Release|Any CPU
		{C9BB626F-5733-4677-80CB-EF961073E3A5}.Debug|Any CPU.ActiveCfg = Debug|Any CPU
		{C9BB626F-5733-4677-80CB-EF961073E3A5}.Debug|Any CPU.Build.0 = Debug|Any CPU
		{C9BB626F-5733-4677-80CB-EF961073E3A5}.Release|Any CPU.ActiveCfg = Release|Any CPU
		{C9BB626F-5733-4677-80CB-EF961073E3A5}.Release|Any CPU.Build.0 = Release|Any CPU
		{2DD936B1-4635-4A59-BFA4-385A76BDE801}.Debug|Any CPU.ActiveCfg = Debug|Any CPU
		{2DD936B1-4635-4A59-BFA4-385A76BDE801}.Debug|Any CPU.Build.0 = Debug|Any CPU
		{2DD936B1-4635-4A59-BFA4-385A76BDE801}.Release|Any CPU.ActiveCfg = Release|Any CPU
		{2DD936B1-4635-4A59-BFA4-385A76BDE801}.Release|Any CPU.Build.0 = Release|Any CPU
		{15968E5F-9795-4391-BD4E-3D51247BCFCF}.Debug|Any CPU.ActiveCfg = Debug|Any CPU
		{15968E5F-9795-4391-BD4E-3D51247BCFCF}.Debug|Any CPU.Build.0 = Debug|Any CPU
		{15968E5F-9795-4391-BD4E-3D51247BCFCF}.Release|Any CPU.ActiveCfg = Release|Any CPU
		{15968E5F-9795-4391-BD4E-3D51247BCFCF}.Release|Any CPU.Build.0 = Release|Any CPU
		{23E3796B-3A26-4142-B0E1-5D01793EC4AE}.Debug|Any CPU.ActiveCfg = Debug|Any CPU
		{23E3796B-3A26-4142-B0E1-5D01793EC4AE}.Debug|Any CPU.Build.0 = Debug|Any CPU
		{23E3796B-3A26-4142-B0E1-5D01793EC4AE}.Release|Any CPU.ActiveCfg = Release|Any CPU
		{23E3796B-3A26-4142-B0E1-5D01793EC4AE}.Release|Any CPU.Build.0 = Release|Any CPU
		{8F89764F-5880-4735-B15D-A1AD962105C0}.Debug|Any CPU.ActiveCfg = Debug|Any CPU
		{8F89764F-5880-4735-B15D-A1AD962105C0}.Debug|Any CPU.Build.0 = Debug|Any CPU
		{8F89764F-5880-4735-B15D-A1AD962105C0}.Release|Any CPU.ActiveCfg = Release|Any CPU
		{8F89764F-5880-4735-B15D-A1AD962105C0}.Release|Any CPU.Build.0 = Release|Any CPU
		{C6C94832-9A9F-421E-996A-679A32119187}.Debug|Any CPU.ActiveCfg = Debug|Any CPU
		{C6C94832-9A9F-421E-996A-679A32119187}.Debug|Any CPU.Build.0 = Debug|Any CPU
		{C6C94832-9A9F-421E-996A-679A32119187}.Release|Any CPU.ActiveCfg = Release|Any CPU
		{C6C94832-9A9F-421E-996A-679A32119187}.Release|Any CPU.Build.0 = Release|Any CPU
		{46EE4EDF-AB17-408C-ABE9-10E45ECAC614}.Debug|Any CPU.ActiveCfg = Debug|Any CPU
		{46EE4EDF-AB17-408C-ABE9-10E45ECAC614}.Debug|Any CPU.Build.0 = Debug|Any CPU
		{46EE4EDF-AB17-408C-ABE9-10E45ECAC614}.Release|Any CPU.ActiveCfg = Release|Any CPU
		{46EE4EDF-AB17-408C-ABE9-10E45ECAC614}.Release|Any CPU.Build.0 = Release|Any CPU
		{F9DC70A0-6A86-4910-80B5-E5E1283E99BF}.Debug|Any CPU.ActiveCfg = Debug|Any CPU
		{F9DC70A0-6A86-4910-80B5-E5E1283E99BF}.Debug|Any CPU.Build.0 = Debug|Any CPU
		{F9DC70A0-6A86-4910-80B5-E5E1283E99BF}.Release|Any CPU.ActiveCfg = Release|Any CPU
		{F9DC70A0-6A86-4910-80B5-E5E1283E99BF}.Release|Any CPU.Build.0 = Release|Any CPU
		{D50862E2-68AF-4F70-A641-72D55294D780}.Debug|Any CPU.ActiveCfg = Debug|Any CPU
		{D50862E2-68AF-4F70-A641-72D55294D780}.Debug|Any CPU.Build.0 = Debug|Any CPU
		{D50862E2-68AF-4F70-A641-72D55294D780}.Release|Any CPU.ActiveCfg = Release|Any CPU
		{D50862E2-68AF-4F70-A641-72D55294D780}.Release|Any CPU.Build.0 = Release|Any CPU
		{461E3737-E30B-4C6F-87C3-9FE12969795A}.Debug|Any CPU.ActiveCfg = Debug|Any CPU
		{461E3737-E30B-4C6F-87C3-9FE12969795A}.Debug|Any CPU.Build.0 = Debug|Any CPU
		{461E3737-E30B-4C6F-87C3-9FE12969795A}.Release|Any CPU.ActiveCfg = Release|Any CPU
		{461E3737-E30B-4C6F-87C3-9FE12969795A}.Release|Any CPU.Build.0 = Release|Any CPU
		{2346F023-C341-4D0A-975C-E93BD7260141}.Debug|Any CPU.ActiveCfg = Debug|Any CPU
		{2346F023-C341-4D0A-975C-E93BD7260141}.Debug|Any CPU.Build.0 = Debug|Any CPU
		{2346F023-C341-4D0A-975C-E93BD7260141}.Release|Any CPU.ActiveCfg = Release|Any CPU
		{2346F023-C341-4D0A-975C-E93BD7260141}.Release|Any CPU.Build.0 = Release|Any CPU
		{7175BF70-0E9E-47A1-9F61-324CAF068209}.Debug|Any CPU.ActiveCfg = Debug|Any CPU
		{7175BF70-0E9E-47A1-9F61-324CAF068209}.Debug|Any CPU.Build.0 = Debug|Any CPU
		{7175BF70-0E9E-47A1-9F61-324CAF068209}.Release|Any CPU.ActiveCfg = Release|Any CPU
		{7175BF70-0E9E-47A1-9F61-324CAF068209}.Release|Any CPU.Build.0 = Release|Any CPU
		{3E50C1CE-1BBA-4880-BD9C-80FCCD0DBAC9}.Debug|Any CPU.ActiveCfg = Debug|Any CPU
		{3E50C1CE-1BBA-4880-BD9C-80FCCD0DBAC9}.Debug|Any CPU.Build.0 = Debug|Any CPU
		{3E50C1CE-1BBA-4880-BD9C-80FCCD0DBAC9}.Release|Any CPU.ActiveCfg = Release|Any CPU
		{3E50C1CE-1BBA-4880-BD9C-80FCCD0DBAC9}.Release|Any CPU.Build.0 = Release|Any CPU
		{6FC919AE-317E-40C8-9DBF-B947394156FE}.Debug|Any CPU.ActiveCfg = Debug|Any CPU
		{6FC919AE-317E-40C8-9DBF-B947394156FE}.Debug|Any CPU.Build.0 = Debug|Any CPU
		{6FC919AE-317E-40C8-9DBF-B947394156FE}.Release|Any CPU.ActiveCfg = Release|Any CPU
		{6FC919AE-317E-40C8-9DBF-B947394156FE}.Release|Any CPU.Build.0 = Release|Any CPU
		{DB45EEF8-632C-4179-B5E7-E42EB829C6C9}.Debug|Any CPU.ActiveCfg = Debug|Any CPU
		{DB45EEF8-632C-4179-B5E7-E42EB829C6C9}.Debug|Any CPU.Build.0 = Debug|Any CPU
		{DB45EEF8-632C-4179-B5E7-E42EB829C6C9}.Release|Any CPU.ActiveCfg = Release|Any CPU
		{DB45EEF8-632C-4179-B5E7-E42EB829C6C9}.Release|Any CPU.Build.0 = Release|Any CPU
		{064DFFC5-BDDA-49CD-8B53-C362676376ED}.Debug|Any CPU.ActiveCfg = Debug|Any CPU
		{064DFFC5-BDDA-49CD-8B53-C362676376ED}.Debug|Any CPU.Build.0 = Debug|Any CPU
		{064DFFC5-BDDA-49CD-8B53-C362676376ED}.Release|Any CPU.ActiveCfg = Release|Any CPU
		{064DFFC5-BDDA-49CD-8B53-C362676376ED}.Release|Any CPU.Build.0 = Release|Any CPU
		{9E852629-FE80-4E03-AC7D-C3DFAF9E2559}.Debug|Any CPU.ActiveCfg = Debug|Any CPU
		{9E852629-FE80-4E03-AC7D-C3DFAF9E2559}.Debug|Any CPU.Build.0 = Debug|Any CPU
		{9E852629-FE80-4E03-AC7D-C3DFAF9E2559}.Release|Any CPU.ActiveCfg = Release|Any CPU
		{9E852629-FE80-4E03-AC7D-C3DFAF9E2559}.Release|Any CPU.Build.0 = Release|Any CPU
		{41E0A974-E7D9-43BB-B7FA-3E294369DC65}.Debug|Any CPU.ActiveCfg = Debug|Any CPU
		{41E0A974-E7D9-43BB-B7FA-3E294369DC65}.Debug|Any CPU.Build.0 = Debug|Any CPU
		{41E0A974-E7D9-43BB-B7FA-3E294369DC65}.Release|Any CPU.ActiveCfg = Release|Any CPU
		{41E0A974-E7D9-43BB-B7FA-3E294369DC65}.Release|Any CPU.Build.0 = Release|Any CPU
		{7B1B3F45-6CD5-4D26-A0CD-3E4CE3FFAF23}.Debug|Any CPU.ActiveCfg = Debug|Any CPU
		{7B1B3F45-6CD5-4D26-A0CD-3E4CE3FFAF23}.Debug|Any CPU.Build.0 = Debug|Any CPU
		{7B1B3F45-6CD5-4D26-A0CD-3E4CE3FFAF23}.Release|Any CPU.ActiveCfg = Release|Any CPU
		{7B1B3F45-6CD5-4D26-A0CD-3E4CE3FFAF23}.Release|Any CPU.Build.0 = Release|Any CPU
		{4373158D-D56F-4A43-96CC-6295A64410CC}.Debug|Any CPU.ActiveCfg = Debug|Any CPU
		{4373158D-D56F-4A43-96CC-6295A64410CC}.Debug|Any CPU.Build.0 = Debug|Any CPU
		{4373158D-D56F-4A43-96CC-6295A64410CC}.Release|Any CPU.ActiveCfg = Release|Any CPU
		{4373158D-D56F-4A43-96CC-6295A64410CC}.Release|Any CPU.Build.0 = Release|Any CPU
		{74E0C89D-1F5F-42A9-9A92-30AAA1FF4241}.Debug|Any CPU.ActiveCfg = Debug|Any CPU
		{74E0C89D-1F5F-42A9-9A92-30AAA1FF4241}.Debug|Any CPU.Build.0 = Debug|Any CPU
		{74E0C89D-1F5F-42A9-9A92-30AAA1FF4241}.Release|Any CPU.ActiveCfg = Release|Any CPU
		{74E0C89D-1F5F-42A9-9A92-30AAA1FF4241}.Release|Any CPU.Build.0 = Release|Any CPU
		{66EC5950-2C2C-4606-BD3A-C59770A8D063}.Debug|Any CPU.ActiveCfg = Debug|Any CPU
		{66EC5950-2C2C-4606-BD3A-C59770A8D063}.Debug|Any CPU.Build.0 = Debug|Any CPU
		{66EC5950-2C2C-4606-BD3A-C59770A8D063}.Release|Any CPU.ActiveCfg = Release|Any CPU
		{66EC5950-2C2C-4606-BD3A-C59770A8D063}.Release|Any CPU.Build.0 = Release|Any CPU
		{C876631F-E897-4AD8-9387-BDF26083127B}.Debug|Any CPU.ActiveCfg = Debug|Any CPU
		{C876631F-E897-4AD8-9387-BDF26083127B}.Debug|Any CPU.Build.0 = Debug|Any CPU
		{C876631F-E897-4AD8-9387-BDF26083127B}.Release|Any CPU.ActiveCfg = Release|Any CPU
		{C876631F-E897-4AD8-9387-BDF26083127B}.Release|Any CPU.Build.0 = Release|Any CPU
	EndGlobalSection
	GlobalSection(SolutionProperties) = preSolution
		HideSolutionNode = FALSE
	EndGlobalSection
	GlobalSection(NestedProjects) = preSolution
		{77138947-1D13-4E22-AEE0-5D0DD046CA34} = {9EBE86EE-78B8-48BE-8FB2-93DCA9585DAF}
		{F807062D-6FC9-4FF0-A9F5-5F94653EDC4D} = {9EBE86EE-78B8-48BE-8FB2-93DCA9585DAF}
		{17831F3B-6B82-4916-BD2B-2CE2071EA622} = {9EBE86EE-78B8-48BE-8FB2-93DCA9585DAF}
		{A016861B-AE17-413F-B93F-5345401EEF7B} = {04421911-D853-4847-84EA-8F8641AB4F25}
		{23E3796B-3A26-4142-B0E1-5D01793EC4AE} = {04421911-D853-4847-84EA-8F8641AB4F25}
		{064DFFC5-BDDA-49CD-8B53-C362676376ED} = {04421911-D853-4847-84EA-8F8641AB4F25}
		{7B1B3F45-6CD5-4D26-A0CD-3E4CE3FFAF23} = {04421911-D853-4847-84EA-8F8641AB4F25}
		{66EC5950-2C2C-4606-BD3A-C59770A8D063} = {04421911-D853-4847-84EA-8F8641AB4F25}
		{DFF495FB-981D-4AD3-87CA-9D48A3AD2AAB} = {3AE1B67E-6742-45CD-9D05-E010DF674B33}
		{C9BB626F-5733-4677-80CB-EF961073E3A5} = {3AE1B67E-6742-45CD-9D05-E010DF674B33}
		{2DD936B1-4635-4A59-BFA4-385A76BDE801} = {3AE1B67E-6742-45CD-9D05-E010DF674B33}
		{C6C94832-9A9F-421E-996A-679A32119187} = {3AE1B67E-6742-45CD-9D05-E010DF674B33}
		{2346F023-C341-4D0A-975C-E93BD7260141} = {3AE1B67E-6742-45CD-9D05-E010DF674B33}
		{7175BF70-0E9E-47A1-9F61-324CAF068209} = {3AE1B67E-6742-45CD-9D05-E010DF674B33}
		{3E50C1CE-1BBA-4880-BD9C-80FCCD0DBAC9} = {3AE1B67E-6742-45CD-9D05-E010DF674B33}
		{6FC919AE-317E-40C8-9DBF-B947394156FE} = {3AE1B67E-6742-45CD-9D05-E010DF674B33}
		{DB45EEF8-632C-4179-B5E7-E42EB829C6C9} = {3AE1B67E-6742-45CD-9D05-E010DF674B33}
		{41E0A974-E7D9-43BB-B7FA-3E294369DC65} = {3AE1B67E-6742-45CD-9D05-E010DF674B33}
		{4373158D-D56F-4A43-96CC-6295A64410CC} = {3AE1B67E-6742-45CD-9D05-E010DF674B33}
		{74E0C89D-1F5F-42A9-9A92-30AAA1FF4241} = {3AE1B67E-6742-45CD-9D05-E010DF674B33}
		{C876631F-E897-4AD8-9387-BDF26083127B} = {3AE1B67E-6742-45CD-9D05-E010DF674B33}
	EndGlobalSection
EndGlobal
