
Microsoft Visual Studio Solution File, Format Version 10.00
# Visual Studio 2008
Project("{FAE04EC0-301F-11D3-BF4B-00C04F79EFBC}") = "ClientUI", "ClientUI\ClientUI.csproj", "{74C39B72-91D2-4696-8AD0-F802319C0EB2}"
EndProject
Project("{FAE04EC0-301F-11D3-BF4B-00C04F79EFBC}") = "ClientApp", "ClientApp\ClientApp.csproj", "{E97C20A1-D4CB-4ACA-9C81-956D44CAF8D6}"
	ProjectSection(ProjectDependencies) = postProject
		{3B2C5A95-E6F4-4E54-9C8B-0467B315E127} = {3B2C5A95-E6F4-4E54-9C8B-0467B315E127}
	EndProjectSection
EndProject
Project("{FAE04EC0-301F-11D3-BF4B-00C04F79EFBC}") = "ServerLib", "ServerLib\ServerLib.csproj", "{3B2C5A95-E6F4-4E54-9C8B-0467B315E127}"
EndProject
Project("{FAE04EC0-301F-11D3-BF4B-00C04F79EFBC}") = "Tests", "Tests\Tests.csproj", "{5367FDB8-5FEC-4EF0-AB67-1A6639B199BD}"
EndProject
Project("{FAE04EC0-301F-11D3-BF4B-00C04F79EFBC}") = "ServerLib.Tests", "ServerLib.Tests\ServerLib.Tests.csproj", "{4C6670A1-97E6-4671-9D78-363E26630DE9}"
EndProject
Global
	GlobalSection(SolutionConfigurationPlatforms) = preSolution
		Debug|Any CPU = Debug|Any CPU
		Release|Any CPU = Release|Any CPU
	EndGlobalSection
	GlobalSection(ProjectConfigurationPlatforms) = postSolution
		{74C39B72-91D2-4696-8AD0-F802319C0EB2}.Debug|Any CPU.ActiveCfg = Debug|Any CPU
		{74C39B72-91D2-4696-8AD0-F802319C0EB2}.Debug|Any CPU.Build.0 = Debug|Any CPU
		{74C39B72-91D2-4696-8AD0-F802319C0EB2}.Release|Any CPU.ActiveCfg = Release|Any CPU
		{74C39B72-91D2-4696-8AD0-F802319C0EB2}.Release|Any CPU.Build.0 = Release|Any CPU
		{E97C20A1-D4CB-4ACA-9C81-956D44CAF8D6}.Debug|Any CPU.ActiveCfg = Debug|Any CPU
		{E97C20A1-D4CB-4ACA-9C81-956D44CAF8D6}.Debug|Any CPU.Build.0 = Debug|Any CPU
		{E97C20A1-D4CB-4ACA-9C81-956D44CAF8D6}.Release|Any CPU.ActiveCfg = Release|Any CPU
		{E97C20A1-D4CB-4ACA-9C81-956D44CAF8D6}.Release|Any CPU.Build.0 = Release|Any CPU
		{3B2C5A95-E6F4-4E54-9C8B-0467B315E127}.Debug|Any CPU.ActiveCfg = Debug|Any CPU
		{3B2C5A95-E6F4-4E54-9C8B-0467B315E127}.Debug|Any CPU.Build.0 = Debug|Any CPU
		{3B2C5A95-E6F4-4E54-9C8B-0467B315E127}.Release|Any CPU.ActiveCfg = Release|Any CPU
		{3B2C5A95-E6F4-4E54-9C8B-0467B315E127}.Release|Any CPU.Build.0 = Release|Any CPU
		{5367FDB8-5FEC-4EF0-AB67-1A6639B199BD}.Debug|Any CPU.ActiveCfg = Debug|Any CPU
		{5367FDB8-5FEC-4EF0-AB67-1A6639B199BD}.Debug|Any CPU.Build.0 = Debug|Any CPU
		{5367FDB8-5FEC-4EF0-AB67-1A6639B199BD}.Release|Any CPU.ActiveCfg = Release|Any CPU
		{5367FDB8-5FEC-4EF0-AB67-1A6639B199BD}.Release|Any CPU.Build.0 = Release|Any CPU
		{4C6670A1-97E6-4671-9D78-363E26630DE9}.Debug|Any CPU.ActiveCfg = Debug|Any CPU
		{4C6670A1-97E6-4671-9D78-363E26630DE9}.Debug|Any CPU.Build.0 = Debug|Any CPU
		{4C6670A1-97E6-4671-9D78-363E26630DE9}.Release|Any CPU.ActiveCfg = Release|Any CPU
		{4C6670A1-97E6-4671-9D78-363E26630DE9}.Release|Any CPU.Build.0 = Release|Any CPU
	EndGlobalSection
	GlobalSection(SolutionProperties) = preSolution
		HideSolutionNode = FALSE
	EndGlobalSection
EndGlobal
